
Microsoft Visual Studio Solution File, Format Version 12.00
# Visual Studio Version 17
VisualStudioVersion = 17.5.002.0
MinimumVisualStudioVersion = 10.0.40219.1
Project("{9A19103F-16F7-4668-BE54-9A1E7A4F7556}") = "WebApp1", "WebApp1\WebApp1.csproj", "{58F49C39-337B-4DE2-BACC-48BA2915A293}"
EndProject
Global
	GlobalSection(SolutionConfigurationPlatforms) = preSolution
		Debug|Any CPU = Debug|Any CPU
		Release|Any CPU = Release|Any CPU
	EndGlobalSection
	GlobalSection(ProjectConfigurationPlatforms) = postSolution
		{58F49C39-337B-4DE2-BACC-48BA2915A293}.Debug|Any CPU.ActiveCfg = Debug|Any CPU
		{58F49C39-337B-4DE2-BACC-48BA2915A293}.Debug|Any CPU.Build.0 = Debug|Any CPU
		{58F49C39-337B-4DE2-BACC-48BA2915A293}.Release|Any CPU.ActiveCfg = Release|Any CPU
		{58F49C39-337B-4DE2-BACC-48BA2915A293}.Release|Any CPU.Build.0 = Release|Any CPU
	EndGlobalSection
	GlobalSection(SolutionProperties) = preSolution
		HideSolutionNode = FALSE
	EndGlobalSection
	GlobalSection(ExtensibilityGlobals) = postSolution
		SolutionGuid = {92105BE0-98B1-41B8-8CCF-679A398CD3E2}
	EndGlobalSection
EndGlobal
