
Microsoft Visual Studio Solution File, Format Version 12.00
# Visual Studio Version 17
VisualStudioVersion = 17.5.002.0
MinimumVisualStudioVersion = 10.0.40219.1
Project("{9A19103F-16F7-4668-BE54-9A1E7A4F7556}") = "MyRazorPagesApp", "MyRazorPagesApp\MyRazorPagesApp.csproj", "{C2EAE771-9819-496A-8E6A-D1A1AF3DB127}"
EndProject
Global
	GlobalSection(SolutionConfigurationPlatforms) = preSolution
		Debug|Any CPU = Debug|Any CPU
		Release|Any CPU = Release|Any CPU
	EndGlobalSection
	GlobalSection(ProjectConfigurationPlatforms) = postSolution
		{C2EAE771-9819-496A-8E6A-D1A1AF3DB127}.Debug|Any CPU.ActiveCfg = Debug|Any CPU
		{C2EAE771-9819-496A-8E6A-D1A1AF3DB127}.Debug|Any CPU.Build.0 = Debug|Any CPU
		{C2EAE771-9819-496A-8E6A-D1A1AF3DB127}.Release|Any CPU.ActiveCfg = Release|Any CPU
		{C2EAE771-9819-496A-8E6A-D1A1AF3DB127}.Release|Any CPU.Build.0 = Release|Any CPU
	EndGlobalSection
	GlobalSection(SolutionProperties) = preSolution
		HideSolutionNode = FALSE
	EndGlobalSection
	GlobalSection(ExtensibilityGlobals) = postSolution
		SolutionGuid = {25A59494-8BF6-4BA2-A71C-47B85A9988A7}
	EndGlobalSection
EndGlobal
